{
  "version": 2,
  "dependencies": {
    "net10.0": {
      "dps.edgelocaljournal": {
        "type": "Project",
        "dependencies": {
          "Dps.EdgeLocalJournal.Contracts": "[0.2.0, )"
        }
      },
      "dps.edgelocaljournal.contracts": {
        "type": "Project"
      }
    }
  }
}